
Microsoft Visual Studio Solution File, Format Version 12.00
# Visual Studio Version 16
VisualStudioVersion = 16.0.29230.47
MinimumVisualStudioVersion = 10.0.40219.1
Project("{8BC9CEB8-8B4A-11D0-8D11-00A0C91BC942}") = "Solide", "Solide\Solide.vcxproj", "{C70258CC-9D5C-4877-86B4-96BF5AE0031F}"
EndProject
Global
	GlobalSection(SolutionConfigurationPlatforms) = preSolution
		Debug|x64 = Debug|x64
		Debug|x86 = Debug|x86
		Release|x64 = Release|x64
		Release|x86 = Release|x86
	EndGlobalSection
	GlobalSection(ProjectConfigurationPlatforms) = postSolution
		{C70258CC-9D5C-4877-86B4-96BF5AE0031F}.Debug|x64.ActiveCfg = Debug|x64
		{C70258CC-9D5C-4877-86B4-96BF5AE0031F}.Debug|x64.Build.0 = Debug|x64
		{C70258CC-9D5C-4877-86B4-96BF5AE0031F}.Debug|x86.ActiveCfg = Debug|Win32
		{C70258CC-9D5C-4877-86B4-96BF5AE0031F}.Debug|x86.Build.0 = Debug|Win32
		{C70258CC-9D5C-4877-86B4-96BF5AE0031F}.Release|x64.ActiveCfg = Release|x64
		{C70258CC-9D5C-4877-86B4-96BF5AE0031F}.Release|x64.Build.0 = Release|x64
		{C70258CC-9D5C-4877-86B4-96BF5AE0031F}.Release|x86.ActiveCfg = Release|Win32
		{C70258CC-9D5C-4877-86B4-96BF5AE0031F}.Release|x86.Build.0 = Release|Win32
	EndGlobalSection
	GlobalSection(SolutionProperties) = preSolution
		HideSolutionNode = FALSE
	EndGlobalSection
	GlobalSection(ExtensibilityGlobals) = postSolution
		SolutionGuid = {D1006784-DAC5-4347-86FE-E7B928E093C8}
	EndGlobalSection
EndGlobal
